// !$*UTF8*$!
{
	archiveVersion = 1;
	classes = {
	};
	objectVersion = 46;
	objects = {

/* Begin PBXBuildFile section */
		53942B2B1937DF45006B5F2C /* Cocoa.framework in Frameworks */ = {isa = PBXBuildFile; fileRef = 53942B2A1937DF45006B5F2C /* Cocoa.framework */; };
		53942B351937DF45006B5F2C /* InfoPlist.strings in Resources */ = {isa = PBXBuildFile; fileRef = 53942B331937DF45006B5F2C /* InfoPlist.strings */; };
		53942B401937DF45006B5F2C /* XCTest.framework in Frameworks */ = {isa = PBXBuildFile; fileRef = 53942B3F1937DF45006B5F2C /* XCTest.framework */; };
		53942B411937DF45006B5F2C /* Cocoa.framework in Frameworks */ = {isa = PBXBuildFile; fileRef = 53942B2A1937DF45006B5F2C /* Cocoa.framework */; };
		53942B441937DF45006B5F2C /* CocoaMobileDevice.framework in Frameworks */ = {isa = PBXBuildFile; fileRef = 53942B271937DF45006B5F2C /* CocoaMobileDevice.framework */; };
		53942B4A1937DF45006B5F2C /* InfoPlist.strings in Resources */ = {isa = PBXBuildFile; fileRef = 53942B481937DF45006B5F2C /* InfoPlist.strings */; };
		53942B4C1937DF45006B5F2C /* CocoaMobileDeviceTests.m in Sources */ = {isa = PBXBuildFile; fileRef = 53942B4B1937DF45006B5F2C /* CocoaMobileDeviceTests.m */; };
		53942BE71937E19A006B5F2C /* CocoaMobileDevice.h in Headers */ = {isa = PBXBuildFile; fileRef = 53942B371937DF45006B5F2C /* CocoaMobileDevice.h */; settings = {ATTRIBUTES = (Public, ); }; };
		53B4F56D193BA3F400DC3466 /* CMConstants.h in Headers */ = {isa = PBXBuildFile; fileRef = 53B4F56B193BA3F400DC3466 /* CMConstants.h */; settings = {ATTRIBUTES = (Public, ); }; };
		53B4F56E193BA3F400DC3466 /* CMConstants.m in Sources */ = {isa = PBXBuildFile; fileRef = 53B4F56C193BA3F400DC3466 /* CMConstants.m */; };
		53BF88EC19576FF2006B777C /* CMCrashLogManager.h in Headers */ = {isa = PBXBuildFile; fileRef = 53BF88EA19576FF2006B777C /* CMCrashLogManager.h */; settings = {ATTRIBUTES = (Public, ); }; };
		53BF88ED19576FF2006B777C /* CMCrashLogManager.m in Sources */ = {isa = PBXBuildFile; fileRef = 53BF88EB19576FF2006B777C /* CMCrashLogManager.m */; };
		53BF892719577DF5006B777C /* libarchive.dylib in Frameworks */ = {isa = PBXBuildFile; fileRef = 53BF892619577DF5006B777C /* libarchive.dylib */; };
		53DB7C9D193BA27F00502C8A /* libimobiledevice.4.dylib in Frameworks */ = {isa = PBXBuildFile; fileRef = 53DB7C9A193BA27F00502C8A /* libimobiledevice.4.dylib */; };
		53DB7C9E193BA27F00502C8A /* libplist.2.dylib in Frameworks */ = {isa = PBXBuildFile; fileRef = 53DB7C9B193BA27F00502C8A /* libplist.2.dylib */; };
		53DB7CA0193BA28800502C8A /* libimobiledevice.4.dylib in CopyFiles */ = {isa = PBXBuildFile; fileRef = 53DB7C9A193BA27F00502C8A /* libimobiledevice.4.dylib */; };
		53DB7CA1193BA28800502C8A /* libplist.2.dylib in CopyFiles */ = {isa = PBXBuildFile; fileRef = 53DB7C9B193BA27F00502C8A /* libplist.2.dylib */; };
		53DB7CA2193BA28800502C8A /* libusbmuxd.1.0.8.dylib in CopyFiles */ = {isa = PBXBuildFile; fileRef = 53DB7C9C193BA27F00502C8A /* libusbmuxd.1.0.8.dylib */; };
		53F9A4D71958542B00A62603 /* libz.dylib in Frameworks */ = {isa = PBXBuildFile; fileRef = 53BF890B19577486006B777C /* libz.dylib */; };
		53F9A4DC1958561D00A62603 /* archive.h in Headers */ = {isa = PBXBuildFile; fileRef = 53F9A4D91958561D00A62603 /* archive.h */; };
		53F9A4DD1958561D00A62603 /* archive_entry.h in Headers */ = {isa = PBXBuildFile; fileRef = 53F9A4DA1958561D00A62603 /* archive_entry.h */; };
		53F9A4DE1958561D00A62603 /* bzlib.h in Headers */ = {isa = PBXBuildFile; fileRef = 53F9A4DB1958561D00A62603 /* bzlib.h */; };
		53F9A4E01958562800A62603 /* libbz2.dylib in Frameworks */ = {isa = PBXBuildFile; fileRef = 53F9A4DF1958562800A62603 /* libbz2.dylib */; };
		DF27501B6E639E2B3265B311 /* NSError+libmobiledeviceError.h in Headers */ = {isa = PBXBuildFile; fileRef = DF275A3C18A7E9FA1D89112D /* NSError+libmobiledeviceError.h */; settings = {ATTRIBUTES = (Private, ); }; };
		DF27522146FC2881D7F2725D /* CMPlistSerialization.m in Sources */ = {isa = PBXBuildFile; fileRef = DF2752656BA49577EC6FC44C /* CMPlistSerialization.m */; };
		DF2754ACED1C0C1A0493A961 /* CMDeviceManger.m in Sources */ = {isa = PBXBuildFile; fileRef = DF2754C6EC78BEE86C760BA1 /* CMDeviceManger.m */; };
		DF27588747A33C3F01CC2744 /* CMDevice.m in Sources */ = {isa = PBXBuildFile; fileRef = DF2754D4DFDCDF1AEF36DEC5 /* CMDevice.m */; };
		DF275A8E0F8F9C3E03C89595 /* CMDevice.h in Headers */ = {isa = PBXBuildFile; fileRef = DF275B181C90BAAA31DC4B4A /* CMDevice.h */; settings = {ATTRIBUTES = (Public, ); }; };
		DF275AC93D8125D872A8FC7D /* CMPlistSerialization.h in Headers */ = {isa = PBXBuildFile; fileRef = DF275E9DBDE905FAD2E7D11C /* CMPlistSerialization.h */; settings = {ATTRIBUTES = (Private, ); }; };
		DF275CDEE0E19141086A3808 /* NSError+libmobiledeviceError.m in Sources */ = {isa = PBXBuildFile; fileRef = DF2754792EDECC5482F1CD2C /* NSError+libmobiledeviceError.m */; };
		DF275EEB4974F3B5A70902C5 /* CMDeviceManger.h in Headers */ = {isa = PBXBuildFile; fileRef = DF27542FB76DE787D730442E /* CMDeviceManger.h */; settings = {ATTRIBUTES = (Public, ); }; };
/* End PBXBuildFile section */

/* Begin PBXContainerItemProxy section */
		53942B421937DF45006B5F2C /* PBXContainerItemProxy */ = {
			isa = PBXContainerItemProxy;
			containerPortal = 53942B1E1937DF45006B5F2C /* Project object */;
			proxyType = 1;
			remoteGlobalIDString = 53942B261937DF45006B5F2C;
			remoteInfo = CocoaMobileDevice;
		};
/* End PBXContainerItemProxy section */

/* Begin PBXCopyFilesBuildPhase section */
		538D0EC0193B9D160012D81D /* CopyFiles */ = {
			isa = PBXCopyFilesBuildPhase;
			buildActionMask = 12;
			dstPath = "";
			dstSubfolderSpec = 10;
			files = (
				53DB7CA0193BA28800502C8A /* libimobiledevice.4.dylib in CopyFiles */,
				53DB7CA1193BA28800502C8A /* libplist.2.dylib in CopyFiles */,
				53DB7CA2193BA28800502C8A /* libusbmuxd.1.0.8.dylib in CopyFiles */,
			);
			runOnlyForDeploymentPostprocessing = 0;
		};
/* End PBXCopyFilesBuildPhase section */

/* Begin PBXFileReference section */
		53942B271937DF45006B5F2C /* CocoaMobileDevice.framework */ = {isa = PBXFileReference; explicitFileType = wrapper.framework; includeInIndex = 0; path = CocoaMobileDevice.framework; sourceTree = BUILT_PRODUCTS_DIR; };
		53942B2A1937DF45006B5F2C /* Cocoa.framework */ = {isa = PBXFileReference; lastKnownFileType = wrapper.framework; name = Cocoa.framework; path = System/Library/Frameworks/Cocoa.framework; sourceTree = SDKROOT; };
		53942B2D1937DF45006B5F2C /* Foundation.framework */ = {isa = PBXFileReference; lastKnownFileType = wrapper.framework; name = Foundation.framework; path = System/Library/Frameworks/Foundation.framework; sourceTree = SDKROOT; };
		53942B2E1937DF45006B5F2C /* CoreData.framework */ = {isa = PBXFileReference; lastKnownFileType = wrapper.framework; name = CoreData.framework; path = System/Library/Frameworks/CoreData.framework; sourceTree = SDKROOT; };
		53942B2F1937DF45006B5F2C /* AppKit.framework */ = {isa = PBXFileReference; lastKnownFileType = wrapper.framework; name = AppKit.framework; path = System/Library/Frameworks/AppKit.framework; sourceTree = SDKROOT; };
		53942B321937DF45006B5F2C /* CocoaMobileDevice-Info.plist */ = {isa = PBXFileReference; lastKnownFileType = text.plist.xml; path = "CocoaMobileDevice-Info.plist"; sourceTree = "<group>"; };
		53942B341937DF45006B5F2C /* en */ = {isa = PBXFileReference; lastKnownFileType = text.plist.strings; name = en; path = en.lproj/InfoPlist.strings; sourceTree = "<group>"; };
		53942B361937DF45006B5F2C /* CocoaMobileDevice-Prefix.pch */ = {isa = PBXFileReference; lastKnownFileType = sourcecode.c.h; path = "CocoaMobileDevice-Prefix.pch"; sourceTree = "<group>"; };
		53942B371937DF45006B5F2C /* CocoaMobileDevice.h */ = {isa = PBXFileReference; lastKnownFileType = sourcecode.c.h; path = CocoaMobileDevice.h; sourceTree = "<group>"; };
		53942B3E1937DF45006B5F2C /* CocoaMobileDeviceTests.xctest */ = {isa = PBXFileReference; explicitFileType = wrapper.cfbundle; includeInIndex = 0; path = CocoaMobileDeviceTests.xctest; sourceTree = BUILT_PRODUCTS_DIR; };
		53942B3F1937DF45006B5F2C /* XCTest.framework */ = {isa = PBXFileReference; lastKnownFileType = wrapper.framework; name = XCTest.framework; path = Library/Frameworks/XCTest.framework; sourceTree = DEVELOPER_DIR; };
		53942B471937DF45006B5F2C /* CocoaMobileDeviceTests-Info.plist */ = {isa = PBXFileReference; lastKnownFileType = text.plist.xml; path = "CocoaMobileDeviceTests-Info.plist"; sourceTree = "<group>"; };
		53942B491937DF45006B5F2C /* en */ = {isa = PBXFileReference; lastKnownFileType = text.plist.strings; name = en; path = en.lproj/InfoPlist.strings; sourceTree = "<group>"; };
		53942B4B1937DF45006B5F2C /* CocoaMobileDeviceTests.m */ = {isa = PBXFileReference; lastKnownFileType = sourcecode.c.objc; path = CocoaMobileDeviceTests.m; sourceTree = "<group>"; };
		53942BEC1937E1EA006B5F2C /* afc.h */ = {isa = PBXFileReference; fileEncoding = 4; lastKnownFileType = sourcecode.c.h; path = afc.h; sourceTree = "<group>"; };
		53942BED1937E1EA006B5F2C /* diagnostics_relay.h */ = {isa = PBXFileReference; fileEncoding = 4; lastKnownFileType = sourcecode.c.h; path = diagnostics_relay.h; sourceTree = "<group>"; };
		53942BEE1937E1EA006B5F2C /* file_relay.h */ = {isa = PBXFileReference; fileEncoding = 4; lastKnownFileType = sourcecode.c.h; path = file_relay.h; sourceTree = "<group>"; };
		53942BEF1937E1EA006B5F2C /* heartbeat.h */ = {isa = PBXFileReference; fileEncoding = 4; lastKnownFileType = sourcecode.c.h; path = heartbeat.h; sourceTree = "<group>"; };
		53942BF01937E1EA006B5F2C /* house_arrest.h */ = {isa = PBXFileReference; fileEncoding = 4; lastKnownFileType = sourcecode.c.h; path = house_arrest.h; sourceTree = "<group>"; };
		53942BF11937E1EA006B5F2C /* installation_proxy.h */ = {isa = PBXFileReference; fileEncoding = 4; lastKnownFileType = sourcecode.c.h; path = installation_proxy.h; sourceTree = "<group>"; };
		53942BF21937E1EA006B5F2C /* libimobiledevice.h */ = {isa = PBXFileReference; fileEncoding = 4; lastKnownFileType = sourcecode.c.h; path = libimobiledevice.h; sourceTree = "<group>"; };
		53942BF31937E1EA006B5F2C /* lockdown.h */ = {isa = PBXFileReference; fileEncoding = 4; lastKnownFileType = sourcecode.c.h; path = lockdown.h; sourceTree = "<group>"; };
		53942BF41937E1EA006B5F2C /* misagent.h */ = {isa = PBXFileReference; fileEncoding = 4; lastKnownFileType = sourcecode.c.h; path = misagent.h; sourceTree = "<group>"; };
		53942BF51937E1EA006B5F2C /* mobile_image_mounter.h */ = {isa = PBXFileReference; fileEncoding = 4; lastKnownFileType = sourcecode.c.h; path = mobile_image_mounter.h; sourceTree = "<group>"; };
		53942BF61937E1EA006B5F2C /* mobilebackup.h */ = {isa = PBXFileReference; fileEncoding = 4; lastKnownFileType = sourcecode.c.h; path = mobilebackup.h; sourceTree = "<group>"; };
		53942BF71937E1EA006B5F2C /* mobilebackup2.h */ = {isa = PBXFileReference; fileEncoding = 4; lastKnownFileType = sourcecode.c.h; path = mobilebackup2.h; sourceTree = "<group>"; };
		53942BF81937E1EA006B5F2C /* mobilesync.h */ = {isa = PBXFileReference; fileEncoding = 4; lastKnownFileType = sourcecode.c.h; path = mobilesync.h; sourceTree = "<group>"; };
		53942BF91937E1EA006B5F2C /* notification_proxy.h */ = {isa = PBXFileReference; fileEncoding = 4; lastKnownFileType = sourcecode.c.h; path = notification_proxy.h; sourceTree = "<group>"; };
		53942BFA1937E1EA006B5F2C /* restore.h */ = {isa = PBXFileReference; fileEncoding = 4; lastKnownFileType = sourcecode.c.h; path = restore.h; sourceTree = "<group>"; };
		53942BFB1937E1EA006B5F2C /* sbservices.h */ = {isa = PBXFileReference; fileEncoding = 4; lastKnownFileType = sourcecode.c.h; path = sbservices.h; sourceTree = "<group>"; };
		53942BFC1937E1EA006B5F2C /* screenshotr.h */ = {isa = PBXFileReference; fileEncoding = 4; lastKnownFileType = sourcecode.c.h; path = screenshotr.h; sourceTree = "<group>"; };
		53942BFD1937E1EA006B5F2C /* webinspector.h */ = {isa = PBXFileReference; fileEncoding = 4; lastKnownFileType = sourcecode.c.h; path = webinspector.h; sourceTree = "<group>"; };
		53942BFF1937E1EA006B5F2C /* Array.h */ = {isa = PBXFileReference; fileEncoding = 4; lastKnownFileType = sourcecode.c.h; path = Array.h; sourceTree = "<group>"; };
		53942C001937E1EA006B5F2C /* Boolean.h */ = {isa = PBXFileReference; fileEncoding = 4; lastKnownFileType = sourcecode.c.h; path = Boolean.h; sourceTree = "<group>"; };
		53942C011937E1EA006B5F2C /* Data.h */ = {isa = PBXFileReference; fileEncoding = 4; lastKnownFileType = sourcecode.c.h; path = Data.h; sourceTree = "<group>"; };
		53942C021937E1EA006B5F2C /* Date.h */ = {isa = PBXFileReference; fileEncoding = 4; lastKnownFileType = sourcecode.c.h; path = Date.h; sourceTree = "<group>"; };
		53942C031937E1EA006B5F2C /* Dictionary.h */ = {isa = PBXFileReference; fileEncoding = 4; lastKnownFileType = sourcecode.c.h; path = Dictionary.h; sourceTree = "<group>"; };
		53942C041937E1EA006B5F2C /* Integer.h */ = {isa = PBXFileReference; fileEncoding = 4; lastKnownFileType = sourcecode.c.h; path = Integer.h; sourceTree = "<group>"; };
		53942C051937E1EA006B5F2C /* Key.h */ = {isa = PBXFileReference; fileEncoding = 4; lastKnownFileType = sourcecode.c.h; path = Key.h; sourceTree = "<group>"; };
		53942C061937E1EA006B5F2C /* Node.h */ = {isa = PBXFileReference; explicitFileType = sourcecode.cpp.h; fileEncoding = 4; path = Node.h; sourceTree = "<group>"; };
		53942C071937E1EA006B5F2C /* plist++.h */ = {isa = PBXFileReference; fileEncoding = 4; lastKnownFileType = sourcecode.c.h; path = "plist++.h"; sourceTree = "<group>"; };
		53942C081937E1EA006B5F2C /* plist.h */ = {isa = PBXFileReference; fileEncoding = 4; lastKnownFileType = sourcecode.c.h; path = plist.h; sourceTree = "<group>"; };
		53942C091937E1EA006B5F2C /* Real.h */ = {isa = PBXFileReference; fileEncoding = 4; lastKnownFileType = sourcecode.c.h; path = Real.h; sourceTree = "<group>"; };
		53942C0A1937E1EA006B5F2C /* String.h */ = {isa = PBXFileReference; fileEncoding = 4; lastKnownFileType = sourcecode.c.h; path = String.h; sourceTree = "<group>"; };
		53942C0B1937E1EA006B5F2C /* Structure.h */ = {isa = PBXFileReference; fileEncoding = 4; lastKnownFileType = sourcecode.c.h; path = Structure.h; sourceTree = "<group>"; };
		53942C0C1937E1EA006B5F2C /* Uid.h */ = {isa = PBXFileReference; fileEncoding = 4; lastKnownFileType = sourcecode.c.h; path = Uid.h; sourceTree = "<group>"; };
		53B4F56B193BA3F400DC3466 /* CMConstants.h */ = {isa = PBXFileReference; fileEncoding = 4; lastKnownFileType = sourcecode.c.h; path = CMConstants.h; sourceTree = "<group>"; };
		53B4F56C193BA3F400DC3466 /* CMConstants.m */ = {isa = PBXFileReference; fileEncoding = 4; lastKnownFileType = sourcecode.c.objc; path = CMConstants.m; sourceTree = "<group>"; };
		53BF88EA19576FF2006B777C /* CMCrashLogManager.h */ = {isa = PBXFileReference; fileEncoding = 4; lastKnownFileType = sourcecode.c.h; path = CMCrashLogManager.h; sourceTree = "<group>"; };
		53BF88EB19576FF2006B777C /* CMCrashLogManager.m */ = {isa = PBXFileReference; fileEncoding = 4; lastKnownFileType = sourcecode.c.objc; path = CMCrashLogManager.m; sourceTree = "<group>"; };
		53BF88EE1957706C006B777C /* CMCrashLogManager-Private.h */ = {isa = PBXFileReference; lastKnownFileType = sourcecode.c.h; path = "CMCrashLogManager-Private.h"; sourceTree = "<group>"; };
		53BF890B19577486006B777C /* libz.dylib */ = {isa = PBXFileReference; lastKnownFileType = "compiled.mach-o.dylib"; name = libz.dylib; path = usr/lib/libz.dylib; sourceTree = SDKROOT; };
		53BF892619577DF5006B777C /* libarchive.dylib */ = {isa = PBXFileReference; lastKnownFileType = "compiled.mach-o.dylib"; name = libarchive.dylib; path = usr/lib/libarchive.dylib; sourceTree = SDKROOT; };
		53DB7C9A193BA27F00502C8A /* libimobiledevice.4.dylib */ = {isa = PBXFileReference; lastKnownFileType = "compiled.mach-o.dylib"; name = libimobiledevice.4.dylib; path = Frameworks/libimobiledevice.4.dylib; sourceTree = "<group>"; };
		53DB7C9B193BA27F00502C8A /* libplist.2.dylib */ = {isa = PBXFileReference; lastKnownFileType = "compiled.mach-o.dylib"; name = libplist.2.dylib; path = Frameworks/libplist.2.dylib; sourceTree = "<group>"; };
		53DB7C9C193BA27F00502C8A /* libusbmuxd.1.0.8.dylib */ = {isa = PBXFileReference; lastKnownFileType = "compiled.mach-o.dylib"; name = libusbmuxd.1.0.8.dylib; path = Frameworks/libusbmuxd.1.0.8.dylib; sourceTree = "<group>"; };
		53F9A4D91958561D00A62603 /* archive.h */ = {isa = PBXFileReference; fileEncoding = 4; lastKnownFileType = sourcecode.c.h; path = archive.h; sourceTree = "<group>"; };
		53F9A4DA1958561D00A62603 /* archive_entry.h */ = {isa = PBXFileReference; fileEncoding = 4; lastKnownFileType = sourcecode.c.h; path = archive_entry.h; sourceTree = "<group>"; };
		53F9A4DB1958561D00A62603 /* bzlib.h */ = {isa = PBXFileReference; fileEncoding = 4; lastKnownFileType = sourcecode.c.h; path = bzlib.h; sourceTree = "<group>"; };
		53F9A4DF1958562800A62603 /* libbz2.dylib */ = {isa = PBXFileReference; lastKnownFileType = "compiled.mach-o.dylib"; name = libbz2.dylib; path = usr/lib/libbz2.dylib; sourceTree = SDKROOT; };
		DF2752656BA49577EC6FC44C /* CMPlistSerialization.m */ = {isa = PBXFileReference; fileEncoding = 4; lastKnownFileType = sourcecode.c.objc; path = CMPlistSerialization.m; sourceTree = "<group>"; };
		DF27542FB76DE787D730442E /* CMDeviceManger.h */ = {isa = PBXFileReference; fileEncoding = 4; lastKnownFileType = sourcecode.c.h; path = CMDeviceManger.h; sourceTree = "<group>"; };
		DF2754792EDECC5482F1CD2C /* NSError+libmobiledeviceError.m */ = {isa = PBXFileReference; fileEncoding = 4; lastKnownFileType = sourcecode.c.objc; path = "NSError+libmobiledeviceError.m"; sourceTree = "<group>"; };
		DF2754C6EC78BEE86C760BA1 /* CMDeviceManger.m */ = {isa = PBXFileReference; fileEncoding = 4; lastKnownFileType = sourcecode.c.objc; path = CMDeviceManger.m; sourceTree = "<group>"; };
		DF2754D4DFDCDF1AEF36DEC5 /* CMDevice.m */ = {isa = PBXFileReference; fileEncoding = 4; lastKnownFileType = sourcecode.c.objc; path = CMDevice.m; sourceTree = "<group>"; };
		DF275A3C18A7E9FA1D89112D /* NSError+libmobiledeviceError.h */ = {isa = PBXFileReference; fileEncoding = 4; lastKnownFileType = sourcecode.c.h; path = "NSError+libmobiledeviceError.h"; sourceTree = "<group>"; };
		DF275B181C90BAAA31DC4B4A /* CMDevice.h */ = {isa = PBXFileReference; fileEncoding = 4; lastKnownFileType = sourcecode.c.h; path = CMDevice.h; sourceTree = "<group>"; };
		DF275E9DBDE905FAD2E7D11C /* CMPlistSerialization.h */ = {isa = PBXFileReference; fileEncoding = 4; lastKnownFileType = sourcecode.c.h; path = CMPlistSerialization.h; sourceTree = "<group>"; };
/* End PBXFileReference section */

/* Begin PBXFrameworksBuildPhase section */
		53942B231937DF45006B5F2C /* Frameworks */ = {
			isa = PBXFrameworksBuildPhase;
			buildActionMask = 2147483647;
			files = (
				53F9A4E01958562800A62603 /* libbz2.dylib in Frameworks */,
				53F9A4D71958542B00A62603 /* libz.dylib in Frameworks */,
				53BF892719577DF5006B777C /* libarchive.dylib in Frameworks */,
				53DB7C9D193BA27F00502C8A /* libimobiledevice.4.dylib in Frameworks */,
				53DB7C9E193BA27F00502C8A /* libplist.2.dylib in Frameworks */,
				53942B2B1937DF45006B5F2C /* Cocoa.framework in Frameworks */,
			);
			runOnlyForDeploymentPostprocessing = 0;
		};
		53942B3B1937DF45006B5F2C /* Frameworks */ = {
			isa = PBXFrameworksBuildPhase;
			buildActionMask = 2147483647;
			files = (
				53942B411937DF45006B5F2C /* Cocoa.framework in Frameworks */,
				53942B401937DF45006B5F2C /* XCTest.framework in Frameworks */,
				53942B441937DF45006B5F2C /* CocoaMobileDevice.framework in Frameworks */,
			);
			runOnlyForDeploymentPostprocessing = 0;
		};
/* End PBXFrameworksBuildPhase section */

/* Begin PBXGroup section */
		53942B1D1937DF45006B5F2C = {
			isa = PBXGroup;
			children = (
				53942BEA1937E1EA006B5F2C /* include */,
				53942B301937DF45006B5F2C /* CocoaMobileDevice */,
				53942B451937DF45006B5F2C /* CocoaMobileDeviceTests */,
				53942B291937DF45006B5F2C /* Frameworks */,
				53942B281937DF45006B5F2C /* Products */,
			);
			sourceTree = "<group>";
		};
		53942B281937DF45006B5F2C /* Products */ = {
			isa = PBXGroup;
			children = (
				53942B271937DF45006B5F2C /* CocoaMobileDevice.framework */,
				53942B3E1937DF45006B5F2C /* CocoaMobileDeviceTests.xctest */,
			);
			name = Products;
			sourceTree = "<group>";
		};
		53942B291937DF45006B5F2C /* Frameworks */ = {
			isa = PBXGroup;
			children = (
				53F9A4DF1958562800A62603 /* libbz2.dylib */,
				53BF892619577DF5006B777C /* libarchive.dylib */,
				53BF890B19577486006B777C /* libz.dylib */,
				53DB7C9A193BA27F00502C8A /* libimobiledevice.4.dylib */,
				53DB7C9B193BA27F00502C8A /* libplist.2.dylib */,
				53DB7C9C193BA27F00502C8A /* libusbmuxd.1.0.8.dylib */,
				53942B2A1937DF45006B5F2C /* Cocoa.framework */,
				53942B3F1937DF45006B5F2C /* XCTest.framework */,
				53942B2C1937DF45006B5F2C /* Other Frameworks */,
			);
			name = Frameworks;
			sourceTree = "<group>";
		};
		53942B2C1937DF45006B5F2C /* Other Frameworks */ = {
			isa = PBXGroup;
			children = (
				53942B2D1937DF45006B5F2C /* Foundation.framework */,
				53942B2E1937DF45006B5F2C /* CoreData.framework */,
				53942B2F1937DF45006B5F2C /* AppKit.framework */,
			);
			name = "Other Frameworks";
			sourceTree = "<group>";
		};
		53942B301937DF45006B5F2C /* CocoaMobileDevice */ = {
			isa = PBXGroup;
			children = (
				53942B371937DF45006B5F2C /* CocoaMobileDevice.h */,
				53B4F56B193BA3F400DC3466 /* CMConstants.h */,
				53B4F56C193BA3F400DC3466 /* CMConstants.m */,
				53942B311937DF45006B5F2C /* Supporting Files */,
				DF275794DF839C4A626630F0 /* Serializers */,
				DF2754376C50BFF6DDDF85BA /* Categories */,
				DF275939511133F16BE99DBE /* Device */,
				53BF88E919576F2F006B777C /* Crash Logs */,
			);
			path = CocoaMobileDevice;
			sourceTree = "<group>";
		};
		53942B311937DF45006B5F2C /* Supporting Files */ = {
			isa = PBXGroup;
			children = (
				53942B321937DF45006B5F2C /* CocoaMobileDevice-Info.plist */,
				53942B331937DF45006B5F2C /* InfoPlist.strings */,
				53942B361937DF45006B5F2C /* CocoaMobileDevice-Prefix.pch */,
			);
			name = "Supporting Files";
			sourceTree = "<group>";
		};
		53942B451937DF45006B5F2C /* CocoaMobileDeviceTests */ = {
			isa = PBXGroup;
			children = (
				53942B4B1937DF45006B5F2C /* CocoaMobileDeviceTests.m */,
				53942B461937DF45006B5F2C /* Supporting Files */,
			);
			path = CocoaMobileDeviceTests;
			sourceTree = "<group>";
		};
		53942B461937DF45006B5F2C /* Supporting Files */ = {
			isa = PBXGroup;
			children = (
				53942B471937DF45006B5F2C /* CocoaMobileDeviceTests-Info.plist */,
				53942B481937DF45006B5F2C /* InfoPlist.strings */,
			);
			name = "Supporting Files";
			sourceTree = "<group>";
		};
		53942BEA1937E1EA006B5F2C /* include */ = {
			isa = PBXGroup;
			children = (
				53F9A4D81958561D00A62603 /* libarchive */,
				53942BEB1937E1EA006B5F2C /* libimobiledevice */,
				53942BFE1937E1EA006B5F2C /* plist */,
			);
			path = include;
			sourceTree = "<group>";
		};
		53942BEB1937E1EA006B5F2C /* libimobiledevice */ = {
			isa = PBXGroup;
			children = (
				53942BEC1937E1EA006B5F2C /* afc.h */,
				53942BED1937E1EA006B5F2C /* diagnostics_relay.h */,
				53942BEE1937E1EA006B5F2C /* file_relay.h */,
				53942BEF1937E1EA006B5F2C /* heartbeat.h */,
				53942BF01937E1EA006B5F2C /* house_arrest.h */,
				53942BF11937E1EA006B5F2C /* installation_proxy.h */,
				53942BF21937E1EA006B5F2C /* libimobiledevice.h */,
				53942BF31937E1EA006B5F2C /* lockdown.h */,
				53942BF41937E1EA006B5F2C /* misagent.h */,
				53942BF51937E1EA006B5F2C /* mobile_image_mounter.h */,
				53942BF61937E1EA006B5F2C /* mobilebackup.h */,
				53942BF71937E1EA006B5F2C /* mobilebackup2.h */,
				53942BF81937E1EA006B5F2C /* mobilesync.h */,
				53942BF91937E1EA006B5F2C /* notification_proxy.h */,
				53942BFA1937E1EA006B5F2C /* restore.h */,
				53942BFB1937E1EA006B5F2C /* sbservices.h */,
				53942BFC1937E1EA006B5F2C /* screenshotr.h */,
				53942BFD1937E1EA006B5F2C /* webinspector.h */,
			);
			path = libimobiledevice;
			sourceTree = "<group>";
		};
		53942BFE1937E1EA006B5F2C /* plist */ = {
			isa = PBXGroup;
			children = (
				53942BFF1937E1EA006B5F2C /* Array.h */,
				53942C001937E1EA006B5F2C /* Boolean.h */,
				53942C011937E1EA006B5F2C /* Data.h */,
				53942C021937E1EA006B5F2C /* Date.h */,
				53942C031937E1EA006B5F2C /* Dictionary.h */,
				53942C041937E1EA006B5F2C /* Integer.h */,
				53942C051937E1EA006B5F2C /* Key.h */,
				53942C061937E1EA006B5F2C /* Node.h */,
				53942C071937E1EA006B5F2C /* plist++.h */,
				53942C081937E1EA006B5F2C /* plist.h */,
				53942C091937E1EA006B5F2C /* Real.h */,
				53942C0A1937E1EA006B5F2C /* String.h */,
				53942C0B1937E1EA006B5F2C /* Structure.h */,
				53942C0C1937E1EA006B5F2C /* Uid.h */,
			);
			path = plist;
			sourceTree = "<group>";
		};
		53BF88E919576F2F006B777C /* Crash Logs */ = {
			isa = PBXGroup;
			children = (
				53BF88EA19576FF2006B777C /* CMCrashLogManager.h */,
				53BF88EB19576FF2006B777C /* CMCrashLogManager.m */,
				53BF88EE1957706C006B777C /* CMCrashLogManager-Private.h */,
			);
			name = "Crash Logs";
			sourceTree = "<group>";
		};
		53F9A4D81958561D00A62603 /* libarchive */ = {
			isa = PBXGroup;
			children = (
				53F9A4D91958561D00A62603 /* archive.h */,
				53F9A4DA1958561D00A62603 /* archive_entry.h */,
				53F9A4DB1958561D00A62603 /* bzlib.h */,
			);
			path = libarchive;
			sourceTree = "<group>";
		};
		DF2754376C50BFF6DDDF85BA /* Categories */ = {
			isa = PBXGroup;
			children = (
				DF2754792EDECC5482F1CD2C /* NSError+libmobiledeviceError.m */,
				DF275A3C18A7E9FA1D89112D /* NSError+libmobiledeviceError.h */,
			);
			path = Categories;
			sourceTree = "<group>";
		};
		DF275794DF839C4A626630F0 /* Serializers */ = {
			isa = PBXGroup;
			children = (
				DF2752656BA49577EC6FC44C /* CMPlistSerialization.m */,
				DF275E9DBDE905FAD2E7D11C /* CMPlistSerialization.h */,
			);
			path = Serializers;
			sourceTree = "<group>";
		};
		DF275939511133F16BE99DBE /* Device */ = {
			isa = PBXGroup;
			children = (
				DF2754C6EC78BEE86C760BA1 /* CMDeviceManger.m */,
				DF275B181C90BAAA31DC4B4A /* CMDevice.h */,
				DF27542FB76DE787D730442E /* CMDeviceManger.h */,
				DF2754D4DFDCDF1AEF36DEC5 /* CMDevice.m */,
			);
			path = Device;
			sourceTree = "<group>";
		};
/* End PBXGroup section */

/* Begin PBXHeadersBuildPhase section */
		53942B241937DF45006B5F2C /* Headers */ = {
			isa = PBXHeadersBuildPhase;
			buildActionMask = 2147483647;
			files = (
				53B4F56D193BA3F400DC3466 /* CMConstants.h in Headers */,
				53F9A4DC1958561D00A62603 /* archive.h in Headers */,
				DF275AC93D8125D872A8FC7D /* CMPlistSerialization.h in Headers */,
				53BF88EC19576FF2006B777C /* CMCrashLogManager.h in Headers */,
				DF27501B6E639E2B3265B311 /* NSError+libmobiledeviceError.h in Headers */,
				53F9A4DD1958561D00A62603 /* archive_entry.h in Headers */,
				53942BE71937E19A006B5F2C /* CocoaMobileDevice.h in Headers */,
				DF275A8E0F8F9C3E03C89595 /* CMDevice.h in Headers */,
				53F9A4DE1958561D00A62603 /* bzlib.h in Headers */,
				DF275EEB4974F3B5A70902C5 /* CMDeviceManger.h in Headers */,
			);
			runOnlyForDeploymentPostprocessing = 0;
		};
/* End PBXHeadersBuildPhase section */

/* Begin PBXNativeTarget section */
		53942B261937DF45006B5F2C /* CocoaMobileDevice */ = {
			isa = PBXNativeTarget;
			buildConfigurationList = 53942B4F1937DF45006B5F2C /* Build configuration list for PBXNativeTarget "CocoaMobileDevice" */;
			buildPhases = (
				53942B221937DF45006B5F2C /* Sources */,
				53942B231937DF45006B5F2C /* Frameworks */,
				53942B241937DF45006B5F2C /* Headers */,
				53942B251937DF45006B5F2C /* Resources */,
				538D0EC0193B9D160012D81D /* CopyFiles */,
			);
			buildRules = (
			);
			dependencies = (
			);
			name = CocoaMobileDevice;
			productName = CocoaMobileDevice;
			productReference = 53942B271937DF45006B5F2C /* CocoaMobileDevice.framework */;
			productType = "com.apple.product-type.framework";
		};
		53942B3D1937DF45006B5F2C /* CocoaMobileDeviceTests */ = {
			isa = PBXNativeTarget;
			buildConfigurationList = 53942B521937DF45006B5F2C /* Build configuration list for PBXNativeTarget "CocoaMobileDeviceTests" */;
			buildPhases = (
				53942B3A1937DF45006B5F2C /* Sources */,
				53942B3B1937DF45006B5F2C /* Frameworks */,
				53942B3C1937DF45006B5F2C /* Resources */,
			);
			buildRules = (
			);
			dependencies = (
				53942B431937DF45006B5F2C /* PBXTargetDependency */,
			);
			name = CocoaMobileDeviceTests;
			productName = CocoaMobileDeviceTests;
			productReference = 53942B3E1937DF45006B5F2C /* CocoaMobileDeviceTests.xctest */;
			productType = "com.apple.product-type.bundle.unit-test";
		};
/* End PBXNativeTarget section */

/* Begin PBXProject section */
		53942B1E1937DF45006B5F2C /* Project object */ = {
			isa = PBXProject;
			attributes = {
				LastUpgradeCheck = 0510;
				ORGANIZATIONNAME = "Liam Nichols";
				TargetAttributes = {
					53942B3D1937DF45006B5F2C = {
						TestTargetID = 53942B261937DF45006B5F2C;
					};
				};
			};
			buildConfigurationList = 53942B211937DF45006B5F2C /* Build configuration list for PBXProject "CocoaMobileDevice" */;
			compatibilityVersion = "Xcode 3.2";
			developmentRegion = English;
			hasScannedForEncodings = 0;
			knownRegions = (
				en,
			);
			mainGroup = 53942B1D1937DF45006B5F2C;
			productRefGroup = 53942B281937DF45006B5F2C /* Products */;
			projectDirPath = "";
			projectRoot = "";
			targets = (
				53942B261937DF45006B5F2C /* CocoaMobileDevice */,
				53942B3D1937DF45006B5F2C /* CocoaMobileDeviceTests */,
			);
		};
/* End PBXProject section */

/* Begin PBXResourcesBuildPhase section */
		53942B251937DF45006B5F2C /* Resources */ = {
			isa = PBXResourcesBuildPhase;
			buildActionMask = 2147483647;
			files = (
				53942B351937DF45006B5F2C /* InfoPlist.strings in Resources */,
			);
			runOnlyForDeploymentPostprocessing = 0;
		};
		53942B3C1937DF45006B5F2C /* Resources */ = {
			isa = PBXResourcesBuildPhase;
			buildActionMask = 2147483647;
			files = (
				53942B4A1937DF45006B5F2C /* InfoPlist.strings in Resources */,
			);
			runOnlyForDeploymentPostprocessing = 0;
		};
/* End PBXResourcesBuildPhase section */

/* Begin PBXSourcesBuildPhase section */
		53942B221937DF45006B5F2C /* Sources */ = {
			isa = PBXSourcesBuildPhase;
			buildActionMask = 2147483647;
			files = (
				DF27522146FC2881D7F2725D /* CMPlistSerialization.m in Sources */,
				53B4F56E193BA3F400DC3466 /* CMConstants.m in Sources */,
				53BF88ED19576FF2006B777C /* CMCrashLogManager.m in Sources */,
				DF275CDEE0E19141086A3808 /* NSError+libmobiledeviceError.m in Sources */,
				DF2754ACED1C0C1A0493A961 /* CMDeviceManger.m in Sources */,
				DF27588747A33C3F01CC2744 /* CMDevice.m in Sources */,
			);
			runOnlyForDeploymentPostprocessing = 0;
		};
		53942B3A1937DF45006B5F2C /* Sources */ = {
			isa = PBXSourcesBuildPhase;
			buildActionMask = 2147483647;
			files = (
				53942B4C1937DF45006B5F2C /* CocoaMobileDeviceTests.m in Sources */,
			);
			runOnlyForDeploymentPostprocessing = 0;
		};
/* End PBXSourcesBuildPhase section */

/* Begin PBXTargetDependency section */
		53942B431937DF45006B5F2C /* PBXTargetDependency */ = {
			isa = PBXTargetDependency;
			target = 53942B261937DF45006B5F2C /* CocoaMobileDevice */;
			targetProxy = 53942B421937DF45006B5F2C /* PBXContainerItemProxy */;
		};
/* End PBXTargetDependency section */

/* Begin PBXVariantGroup section */
		53942B331937DF45006B5F2C /* InfoPlist.strings */ = {
			isa = PBXVariantGroup;
			children = (
				53942B341937DF45006B5F2C /* en */,
			);
			name = InfoPlist.strings;
			sourceTree = "<group>";
		};
		53942B481937DF45006B5F2C /* InfoPlist.strings */ = {
			isa = PBXVariantGroup;
			children = (
				53942B491937DF45006B5F2C /* en */,
			);
			name = InfoPlist.strings;
			sourceTree = "<group>";
		};
/* End PBXVariantGroup section */

/* Begin XCBuildConfiguration section */
		53942B4D1937DF45006B5F2C /* Debug */ = {
			isa = XCBuildConfiguration;
			buildSettings = {
				ALWAYS_SEARCH_USER_PATHS = NO;
				CLANG_CXX_LANGUAGE_STANDARD = "gnu++0x";
				CLANG_CXX_LIBRARY = "libc++";
				CLANG_ENABLE_MODULES = YES;
				CLANG_ENABLE_OBJC_ARC = YES;
				CLANG_WARN_BOOL_CONVERSION = YES;
				CLANG_WARN_CONSTANT_CONVERSION = YES;
				CLANG_WARN_DIRECT_OBJC_ISA_USAGE = YES_ERROR;
				CLANG_WARN_EMPTY_BODY = YES;
				CLANG_WARN_ENUM_CONVERSION = YES;
				CLANG_WARN_INT_CONVERSION = YES;
				CLANG_WARN_OBJC_ROOT_CLASS = YES_ERROR;
				CLANG_WARN__DUPLICATE_METHOD_MATCH = YES;
				COPY_PHASE_STRIP = NO;
				GCC_C_LANGUAGE_STANDARD = gnu99;
				GCC_DYNAMIC_NO_PIC = NO;
				GCC_ENABLE_OBJC_EXCEPTIONS = YES;
				GCC_OPTIMIZATION_LEVEL = 0;
				GCC_PREPROCESSOR_DEFINITIONS = (
					"DEBUG=1",
					"$(inherited)",
				);
				GCC_SYMBOLS_PRIVATE_EXTERN = NO;
				GCC_WARN_64_TO_32_BIT_CONVERSION = YES;
				GCC_WARN_ABOUT_RETURN_TYPE = YES_ERROR;
				GCC_WARN_UNDECLARED_SELECTOR = YES;
				GCC_WARN_UNINITIALIZED_AUTOS = YES_AGGRESSIVE;
				GCC_WARN_UNUSED_FUNCTION = YES;
				GCC_WARN_UNUSED_VARIABLE = YES;
				MACOSX_DEPLOYMENT_TARGET = 10.9;
				ONLY_ACTIVE_ARCH = YES;
				SDKROOT = macosx;
			};
			name = Debug;
		};
		53942B4E1937DF45006B5F2C /* Release */ = {
			isa = XCBuildConfiguration;
			buildSettings = {
				ALWAYS_SEARCH_USER_PATHS = NO;
				CLANG_CXX_LANGUAGE_STANDARD = "gnu++0x";
				CLANG_CXX_LIBRARY = "libc++";
				CLANG_ENABLE_MODULES = YES;
				CLANG_ENABLE_OBJC_ARC = YES;
				CLANG_WARN_BOOL_CONVERSION = YES;
				CLANG_WARN_CONSTANT_CONVERSION = YES;
				CLANG_WARN_DIRECT_OBJC_ISA_USAGE = YES_ERROR;
				CLANG_WARN_EMPTY_BODY = YES;
				CLANG_WARN_ENUM_CONVERSION = YES;
				CLANG_WARN_INT_CONVERSION = YES;
				CLANG_WARN_OBJC_ROOT_CLASS = YES_ERROR;
				CLANG_WARN__DUPLICATE_METHOD_MATCH = YES;
				COPY_PHASE_STRIP = YES;
				DEBUG_INFORMATION_FORMAT = "dwarf-with-dsym";
				ENABLE_NS_ASSERTIONS = NO;
				GCC_C_LANGUAGE_STANDARD = gnu99;
				GCC_ENABLE_OBJC_EXCEPTIONS = YES;
				GCC_WARN_64_TO_32_BIT_CONVERSION = YES;
				GCC_WARN_ABOUT_RETURN_TYPE = YES_ERROR;
				GCC_WARN_UNDECLARED_SELECTOR = YES;
				GCC_WARN_UNINITIALIZED_AUTOS = YES_AGGRESSIVE;
				GCC_WARN_UNUSED_FUNCTION = YES;
				GCC_WARN_UNUSED_VARIABLE = YES;
				MACOSX_DEPLOYMENT_TARGET = 10.9;
				SDKROOT = macosx;
			};
			name = Release;
		};
		53942B501937DF45006B5F2C /* Debug */ = {
			isa = XCBuildConfiguration;
			buildSettings = {
				CLANG_ENABLE_MODULES = NO;
				COMBINE_HIDPI_IMAGES = YES;
				DYLIB_COMPATIBILITY_VERSION = 1;
				DYLIB_CURRENT_VERSION = 1;
				FRAMEWORK_VERSION = A;
				GCC_PRECOMPILE_PREFIX_HEADER = YES;
				GCC_PREFIX_HEADER = "CocoaMobileDevice/CocoaMobileDevice-Prefix.pch";
				HEADER_SEARCH_PATHS = (
					"$(inherited)",
					/Applications/Xcode.app/Contents/Developer/Toolchains/XcodeDefault.xctoolchain/usr/include,
					"$(SRCROOT)/include/",
				);
				INFOPLIST_FILE = "CocoaMobileDevice/CocoaMobileDevice-Info.plist";
				INSTALL_PATH = "@executable_path/../Frameworks";
				LIBRARY_SEARCH_PATHS = (
					"$(inherited)",
					"$(PROJECT_DIR)/CocoaMobileDevice",
					"$(PROJECT_DIR)",
					"$(PROJECT_DIR)/Frameworks",
				);
				PRODUCT_NAME = "$(TARGET_NAME)";
				WRAPPER_EXTENSION = framework;
			};
			name = Debug;
		};
		53942B511937DF45006B5F2C /* Release */ = {
			isa = XCBuildConfiguration;
			buildSettings = {
				CLANG_ENABLE_MODULES = NO;
				COMBINE_HIDPI_IMAGES = YES;
				DYLIB_COMPATIBILITY_VERSION = 1;
				DYLIB_CURRENT_VERSION = 1;
				FRAMEWORK_VERSION = A;
				GCC_PRECOMPILE_PREFIX_HEADER = YES;
				GCC_PREFIX_HEADER = "CocoaMobileDevice/CocoaMobileDevice-Prefix.pch";
				HEADER_SEARCH_PATHS = (
					"$(inherited)",
					/Applications/Xcode.app/Contents/Developer/Toolchains/XcodeDefault.xctoolchain/usr/include,
					"$(SRCROOT)/include/",
				);
				INFOPLIST_FILE = "CocoaMobileDevice/CocoaMobileDevice-Info.plist";
				INSTALL_PATH = "@executable_path/../Frameworks";
				LIBRARY_SEARCH_PATHS = (
					"$(inherited)",
					"$(PROJECT_DIR)/CocoaMobileDevice",
					"$(PROJECT_DIR)",
					"$(PROJECT_DIR)/Frameworks",
				);
				PRODUCT_NAME = "$(TARGET_NAME)";
				WRAPPER_EXTENSION = framework;
			};
			name = Release;
		};
		53942B531937DF45006B5F2C /* Debug */ = {
			isa = XCBuildConfiguration;
			buildSettings = {
				BUNDLE_LOADER = "$(BUILT_PRODUCTS_DIR)/CocoaMobileDevice.framework/Versions/A/CocoaMobileDevice";
				COMBINE_HIDPI_IMAGES = YES;
				FRAMEWORK_SEARCH_PATHS = (
					"$(DEVELOPER_FRAMEWORKS_DIR)",
					"$(inherited)",
				);
				GCC_PRECOMPILE_PREFIX_HEADER = YES;
				GCC_PREFIX_HEADER = "CocoaMobileDevice/CocoaMobileDevice-Prefix.pch";
				GCC_PREPROCESSOR_DEFINITIONS = (
					"DEBUG=1",
					"$(inherited)",
				);
				INFOPLIST_FILE = "CocoaMobileDeviceTests/CocoaMobileDeviceTests-Info.plist";
				PRODUCT_NAME = "$(TARGET_NAME)";
				TEST_HOST = "$(BUNDLE_LOADER)";
				WRAPPER_EXTENSION = xctest;
			};
			name = Debug;
		};
		53942B541937DF45006B5F2C /* Release */ = {
			isa = XCBuildConfiguration;
			buildSettings = {
				BUNDLE_LOADER = "$(BUILT_PRODUCTS_DIR)/CocoaMobileDevice.framework/Versions/A/CocoaMobileDevice";
				COMBINE_HIDPI_IMAGES = YES;
				FRAMEWORK_SEARCH_PATHS = (
					"$(DEVELOPER_FRAMEWORKS_DIR)",
					"$(inherited)",
				);
				GCC_PRECOMPILE_PREFIX_HEADER = YES;
				GCC_PREFIX_HEADER = "CocoaMobileDevice/CocoaMobileDevice-Prefix.pch";
				INFOPLIST_FILE = "CocoaMobileDeviceTests/CocoaMobileDeviceTests-Info.plist";
				PRODUCT_NAME = "$(TARGET_NAME)";
				TEST_HOST = "$(BUNDLE_LOADER)";
				WRAPPER_EXTENSION = xctest;
			};
			name = Release;
		};
/* End XCBuildConfiguration section */

/* Begin XCConfigurationList section */
		53942B211937DF45006B5F2C /* Build configuration list for PBXProject "CocoaMobileDevice" */ = {
			isa = XCConfigurationList;
			buildConfigurations = (
				53942B4D1937DF45006B5F2C /* Debug */,
				53942B4E1937DF45006B5F2C /* Release */,
			);
			defaultConfigurationIsVisible = 0;
			defaultConfigurationName = Release;
		};
		53942B4F1937DF45006B5F2C /* Build configuration list for PBXNativeTarget "CocoaMobileDevice" */ = {
			isa = XCConfigurationList;
			buildConfigurations = (
				53942B501937DF45006B5F2C /* Debug */,
				53942B511937DF45006B5F2C /* Release */,
			);
			defaultConfigurationIsVisible = 0;
			defaultConfigurationName = Release;
		};
		53942B521937DF45006B5F2C /* Build configuration list for PBXNativeTarget "CocoaMobileDeviceTests" */ = {
			isa = XCConfigurationList;
			buildConfigurations = (
				53942B531937DF45006B5F2C /* Debug */,
				53942B541937DF45006B5F2C /* Release */,
			);
			defaultConfigurationIsVisible = 0;
			defaultConfigurationName = Release;
		};
/* End XCConfigurationList section */
	};
	rootObject = 53942B1E1937DF45006B5F2C /* Project object */;
}
