// !$*UTF8*$!
{
	archiveVersion = 1;
	classes = {
	};
	objectVersion = 46;
	objects = {

/* Begin PBXBuildFile section */
		5342B2B21937EE5A0074A843 /* CMDevice.h in Headers */ = {isa = PBXBuildFile; fileRef = 5342B2B01937EE5A0074A843 /* CMDevice.h */; settings = {ATTRIBUTES = (Public, ); }; };
		5342B2B31937EE5A0074A843 /* CMDevice.m in Sources */ = {isa = PBXBuildFile; fileRef = 5342B2B11937EE5A0074A843 /* CMDevice.m */; };
		5342B2B61937F3670074A843 /* CMPlistSerialization.h in Headers */ = {isa = PBXBuildFile; fileRef = 5342B2B41937F3670074A843 /* CMPlistSerialization.h */; };
		5342B2B71937F3670074A843 /* CMPlistSerialization.m in Sources */ = {isa = PBXBuildFile; fileRef = 5342B2B51937F3670074A843 /* CMPlistSerialization.m */; };
		5342B2B9193872DC0074A843 /* libimobiledevice.4.dylib in Frameworks */ = {isa = PBXBuildFile; fileRef = 5342B2B8193872DC0074A843 /* libimobiledevice.4.dylib */; };
		5342B2BB193872EA0074A843 /* libplist.2.dylib in Frameworks */ = {isa = PBXBuildFile; fileRef = 5342B2BA193872EA0074A843 /* libplist.2.dylib */; };
		53942B2B1937DF45006B5F2C /* Cocoa.framework in Frameworks */ = {isa = PBXBuildFile; fileRef = 53942B2A1937DF45006B5F2C /* Cocoa.framework */; };
		53942B351937DF45006B5F2C /* InfoPlist.strings in Resources */ = {isa = PBXBuildFile; fileRef = 53942B331937DF45006B5F2C /* InfoPlist.strings */; };
		53942B401937DF45006B5F2C /* XCTest.framework in Frameworks */ = {isa = PBXBuildFile; fileRef = 53942B3F1937DF45006B5F2C /* XCTest.framework */; };
		53942B411937DF45006B5F2C /* Cocoa.framework in Frameworks */ = {isa = PBXBuildFile; fileRef = 53942B2A1937DF45006B5F2C /* Cocoa.framework */; };
		53942B441937DF45006B5F2C /* CocoaMobileDevice.framework in Frameworks */ = {isa = PBXBuildFile; fileRef = 53942B271937DF45006B5F2C /* CocoaMobileDevice.framework */; };
		53942B4A1937DF45006B5F2C /* InfoPlist.strings in Resources */ = {isa = PBXBuildFile; fileRef = 53942B481937DF45006B5F2C /* InfoPlist.strings */; };
		53942B4C1937DF45006B5F2C /* CocoaMobileDeviceTests.m in Sources */ = {isa = PBXBuildFile; fileRef = 53942B4B1937DF45006B5F2C /* CocoaMobileDeviceTests.m */; };
		53942BE51937E09A006B5F2C /* CMDeviceManger.h in Headers */ = {isa = PBXBuildFile; fileRef = 53942BE31937E09A006B5F2C /* CMDeviceManger.h */; settings = {ATTRIBUTES = (Public, ); }; };
		53942BE61937E09A006B5F2C /* CMDeviceManger.m in Sources */ = {isa = PBXBuildFile; fileRef = 53942BE41937E09A006B5F2C /* CMDeviceManger.m */; };
		53942BE71937E19A006B5F2C /* CocoaMobileDevice.h in Headers */ = {isa = PBXBuildFile; fileRef = 53942B371937DF45006B5F2C /* CocoaMobileDevice.h */; settings = {ATTRIBUTES = (Public, ); }; };
		53942C0D1937E1EA006B5F2C /* afc.h in Headers */ = {isa = PBXBuildFile; fileRef = 53942BEC1937E1EA006B5F2C /* afc.h */; };
		53942C0E1937E1EA006B5F2C /* diagnostics_relay.h in Headers */ = {isa = PBXBuildFile; fileRef = 53942BED1937E1EA006B5F2C /* diagnostics_relay.h */; };
		53942C0F1937E1EA006B5F2C /* file_relay.h in Headers */ = {isa = PBXBuildFile; fileRef = 53942BEE1937E1EA006B5F2C /* file_relay.h */; };
		53942C101937E1EA006B5F2C /* heartbeat.h in Headers */ = {isa = PBXBuildFile; fileRef = 53942BEF1937E1EA006B5F2C /* heartbeat.h */; };
		53942C111937E1EA006B5F2C /* house_arrest.h in Headers */ = {isa = PBXBuildFile; fileRef = 53942BF01937E1EA006B5F2C /* house_arrest.h */; };
		53942C121937E1EA006B5F2C /* installation_proxy.h in Headers */ = {isa = PBXBuildFile; fileRef = 53942BF11937E1EA006B5F2C /* installation_proxy.h */; };
		53942C131937E1EA006B5F2C /* libimobiledevice.h in Headers */ = {isa = PBXBuildFile; fileRef = 53942BF21937E1EA006B5F2C /* libimobiledevice.h */; };
		53942C141937E1EA006B5F2C /* lockdown.h in Headers */ = {isa = PBXBuildFile; fileRef = 53942BF31937E1EA006B5F2C /* lockdown.h */; };
		53942C151937E1EA006B5F2C /* misagent.h in Headers */ = {isa = PBXBuildFile; fileRef = 53942BF41937E1EA006B5F2C /* misagent.h */; };
		53942C161937E1EA006B5F2C /* mobile_image_mounter.h in Headers */ = {isa = PBXBuildFile; fileRef = 53942BF51937E1EA006B5F2C /* mobile_image_mounter.h */; };
		53942C171937E1EA006B5F2C /* mobilebackup.h in Headers */ = {isa = PBXBuildFile; fileRef = 53942BF61937E1EA006B5F2C /* mobilebackup.h */; };
		53942C181937E1EA006B5F2C /* mobilebackup2.h in Headers */ = {isa = PBXBuildFile; fileRef = 53942BF71937E1EA006B5F2C /* mobilebackup2.h */; };
		53942C191937E1EB006B5F2C /* mobilesync.h in Headers */ = {isa = PBXBuildFile; fileRef = 53942BF81937E1EA006B5F2C /* mobilesync.h */; };
		53942C1A1937E1EB006B5F2C /* notification_proxy.h in Headers */ = {isa = PBXBuildFile; fileRef = 53942BF91937E1EA006B5F2C /* notification_proxy.h */; };
		53942C1B1937E1EB006B5F2C /* restore.h in Headers */ = {isa = PBXBuildFile; fileRef = 53942BFA1937E1EA006B5F2C /* restore.h */; };
		53942C1C1937E1EB006B5F2C /* sbservices.h in Headers */ = {isa = PBXBuildFile; fileRef = 53942BFB1937E1EA006B5F2C /* sbservices.h */; };
		53942C1D1937E1EB006B5F2C /* screenshotr.h in Headers */ = {isa = PBXBuildFile; fileRef = 53942BFC1937E1EA006B5F2C /* screenshotr.h */; };
		53942C1E1937E1EB006B5F2C /* webinspector.h in Headers */ = {isa = PBXBuildFile; fileRef = 53942BFD1937E1EA006B5F2C /* webinspector.h */; };
		53942C1F1937E1EB006B5F2C /* Array.h in Headers */ = {isa = PBXBuildFile; fileRef = 53942BFF1937E1EA006B5F2C /* Array.h */; };
		53942C201937E1EB006B5F2C /* Boolean.h in Headers */ = {isa = PBXBuildFile; fileRef = 53942C001937E1EA006B5F2C /* Boolean.h */; };
		53942C211937E1EB006B5F2C /* Data.h in Headers */ = {isa = PBXBuildFile; fileRef = 53942C011937E1EA006B5F2C /* Data.h */; };
		53942C221937E1EB006B5F2C /* Date.h in Headers */ = {isa = PBXBuildFile; fileRef = 53942C021937E1EA006B5F2C /* Date.h */; };
		53942C231937E1EB006B5F2C /* Dictionary.h in Headers */ = {isa = PBXBuildFile; fileRef = 53942C031937E1EA006B5F2C /* Dictionary.h */; };
		53942C241937E1EB006B5F2C /* Integer.h in Headers */ = {isa = PBXBuildFile; fileRef = 53942C041937E1EA006B5F2C /* Integer.h */; };
		53942C251937E1EB006B5F2C /* Key.h in Headers */ = {isa = PBXBuildFile; fileRef = 53942C051937E1EA006B5F2C /* Key.h */; };
		53942C261937E1EB006B5F2C /* Node.h in Headers */ = {isa = PBXBuildFile; fileRef = 53942C061937E1EA006B5F2C /* Node.h */; };
		53942C271937E1EB006B5F2C /* plist++.h in Headers */ = {isa = PBXBuildFile; fileRef = 53942C071937E1EA006B5F2C /* plist++.h */; };
		53942C281937E1EB006B5F2C /* plist.h in Headers */ = {isa = PBXBuildFile; fileRef = 53942C081937E1EA006B5F2C /* plist.h */; };
		53942C291937E1EB006B5F2C /* Real.h in Headers */ = {isa = PBXBuildFile; fileRef = 53942C091937E1EA006B5F2C /* Real.h */; };
		53942C2A1937E1EB006B5F2C /* String.h in Headers */ = {isa = PBXBuildFile; fileRef = 53942C0A1937E1EA006B5F2C /* String.h */; };
		53942C2B1937E1EB006B5F2C /* Structure.h in Headers */ = {isa = PBXBuildFile; fileRef = 53942C0B1937E1EA006B5F2C /* Structure.h */; };
		53942C2C1937E1EB006B5F2C /* Uid.h in Headers */ = {isa = PBXBuildFile; fileRef = 53942C0C1937E1EA006B5F2C /* Uid.h */; };
/* End PBXBuildFile section */

/* Begin PBXContainerItemProxy section */
		53942B421937DF45006B5F2C /* PBXContainerItemProxy */ = {
			isa = PBXContainerItemProxy;
			containerPortal = 53942B1E1937DF45006B5F2C /* Project object */;
			proxyType = 1;
			remoteGlobalIDString = 53942B261937DF45006B5F2C;
			remoteInfo = CocoaMobileDevice;
		};
/* End PBXContainerItemProxy section */

/* Begin PBXFileReference section */
		5342B2B01937EE5A0074A843 /* CMDevice.h */ = {isa = PBXFileReference; fileEncoding = 4; lastKnownFileType = sourcecode.c.h; path = CMDevice.h; sourceTree = "<group>"; };
		5342B2B11937EE5A0074A843 /* CMDevice.m */ = {isa = PBXFileReference; fileEncoding = 4; lastKnownFileType = sourcecode.c.objc; path = CMDevice.m; sourceTree = "<group>"; };
		5342B2B41937F3670074A843 /* CMPlistSerialization.h */ = {isa = PBXFileReference; fileEncoding = 4; lastKnownFileType = sourcecode.c.h; path = CMPlistSerialization.h; sourceTree = "<group>"; };
		5342B2B51937F3670074A843 /* CMPlistSerialization.m */ = {isa = PBXFileReference; fileEncoding = 4; lastKnownFileType = sourcecode.c.objc; path = CMPlistSerialization.m; sourceTree = "<group>"; };
		5342B2B8193872DC0074A843 /* libimobiledevice.4.dylib */ = {isa = PBXFileReference; lastKnownFileType = "compiled.mach-o.dylib"; path = libimobiledevice.4.dylib; sourceTree = "<group>"; };
		5342B2BA193872EA0074A843 /* libplist.2.dylib */ = {isa = PBXFileReference; lastKnownFileType = "compiled.mach-o.dylib"; path = libplist.2.dylib; sourceTree = "<group>"; };
		53942B271937DF45006B5F2C /* CocoaMobileDevice.framework */ = {isa = PBXFileReference; explicitFileType = wrapper.framework; includeInIndex = 0; path = CocoaMobileDevice.framework; sourceTree = BUILT_PRODUCTS_DIR; };
		53942B2A1937DF45006B5F2C /* Cocoa.framework */ = {isa = PBXFileReference; lastKnownFileType = wrapper.framework; name = Cocoa.framework; path = System/Library/Frameworks/Cocoa.framework; sourceTree = SDKROOT; };
		53942B2D1937DF45006B5F2C /* Foundation.framework */ = {isa = PBXFileReference; lastKnownFileType = wrapper.framework; name = Foundation.framework; path = System/Library/Frameworks/Foundation.framework; sourceTree = SDKROOT; };
		53942B2E1937DF45006B5F2C /* CoreData.framework */ = {isa = PBXFileReference; lastKnownFileType = wrapper.framework; name = CoreData.framework; path = System/Library/Frameworks/CoreData.framework; sourceTree = SDKROOT; };
		53942B2F1937DF45006B5F2C /* AppKit.framework */ = {isa = PBXFileReference; lastKnownFileType = wrapper.framework; name = AppKit.framework; path = System/Library/Frameworks/AppKit.framework; sourceTree = SDKROOT; };
		53942B321937DF45006B5F2C /* CocoaMobileDevice-Info.plist */ = {isa = PBXFileReference; lastKnownFileType = text.plist.xml; path = "CocoaMobileDevice-Info.plist"; sourceTree = "<group>"; };
		53942B341937DF45006B5F2C /* en */ = {isa = PBXFileReference; lastKnownFileType = text.plist.strings; name = en; path = en.lproj/InfoPlist.strings; sourceTree = "<group>"; };
		53942B361937DF45006B5F2C /* CocoaMobileDevice-Prefix.pch */ = {isa = PBXFileReference; lastKnownFileType = sourcecode.c.h; path = "CocoaMobileDevice-Prefix.pch"; sourceTree = "<group>"; };
		53942B371937DF45006B5F2C /* CocoaMobileDevice.h */ = {isa = PBXFileReference; lastKnownFileType = sourcecode.c.h; path = CocoaMobileDevice.h; sourceTree = "<group>"; };
		53942B3E1937DF45006B5F2C /* CocoaMobileDeviceTests.xctest */ = {isa = PBXFileReference; explicitFileType = wrapper.cfbundle; includeInIndex = 0; path = CocoaMobileDeviceTests.xctest; sourceTree = BUILT_PRODUCTS_DIR; };
		53942B3F1937DF45006B5F2C /* XCTest.framework */ = {isa = PBXFileReference; lastKnownFileType = wrapper.framework; name = XCTest.framework; path = Library/Frameworks/XCTest.framework; sourceTree = DEVELOPER_DIR; };
		53942B471937DF45006B5F2C /* CocoaMobileDeviceTests-Info.plist */ = {isa = PBXFileReference; lastKnownFileType = text.plist.xml; path = "CocoaMobileDeviceTests-Info.plist"; sourceTree = "<group>"; };
		53942B491937DF45006B5F2C /* en */ = {isa = PBXFileReference; lastKnownFileType = text.plist.strings; name = en; path = en.lproj/InfoPlist.strings; sourceTree = "<group>"; };
		53942B4B1937DF45006B5F2C /* CocoaMobileDeviceTests.m */ = {isa = PBXFileReference; lastKnownFileType = sourcecode.c.objc; path = CocoaMobileDeviceTests.m; sourceTree = "<group>"; };
		53942BE31937E09A006B5F2C /* CMDeviceManger.h */ = {isa = PBXFileReference; fileEncoding = 4; lastKnownFileType = sourcecode.c.h; path = CMDeviceManger.h; sourceTree = "<group>"; };
		53942BE41937E09A006B5F2C /* CMDeviceManger.m */ = {isa = PBXFileReference; fileEncoding = 4; lastKnownFileType = sourcecode.c.objc; path = CMDeviceManger.m; sourceTree = "<group>"; };
		53942BEC1937E1EA006B5F2C /* afc.h */ = {isa = PBXFileReference; fileEncoding = 4; lastKnownFileType = sourcecode.c.h; path = afc.h; sourceTree = "<group>"; };
		53942BED1937E1EA006B5F2C /* diagnostics_relay.h */ = {isa = PBXFileReference; fileEncoding = 4; lastKnownFileType = sourcecode.c.h; path = diagnostics_relay.h; sourceTree = "<group>"; };
		53942BEE1937E1EA006B5F2C /* file_relay.h */ = {isa = PBXFileReference; fileEncoding = 4; lastKnownFileType = sourcecode.c.h; path = file_relay.h; sourceTree = "<group>"; };
		53942BEF1937E1EA006B5F2C /* heartbeat.h */ = {isa = PBXFileReference; fileEncoding = 4; lastKnownFileType = sourcecode.c.h; path = heartbeat.h; sourceTree = "<group>"; };
		53942BF01937E1EA006B5F2C /* house_arrest.h */ = {isa = PBXFileReference; fileEncoding = 4; lastKnownFileType = sourcecode.c.h; path = house_arrest.h; sourceTree = "<group>"; };
		53942BF11937E1EA006B5F2C /* installation_proxy.h */ = {isa = PBXFileReference; fileEncoding = 4; lastKnownFileType = sourcecode.c.h; path = installation_proxy.h; sourceTree = "<group>"; };
		53942BF21937E1EA006B5F2C /* libimobiledevice.h */ = {isa = PBXFileReference; fileEncoding = 4; lastKnownFileType = sourcecode.c.h; path = libimobiledevice.h; sourceTree = "<group>"; };
		53942BF31937E1EA006B5F2C /* lockdown.h */ = {isa = PBXFileReference; fileEncoding = 4; lastKnownFileType = sourcecode.c.h; path = lockdown.h; sourceTree = "<group>"; };
		53942BF41937E1EA006B5F2C /* misagent.h */ = {isa = PBXFileReference; fileEncoding = 4; lastKnownFileType = sourcecode.c.h; path = misagent.h; sourceTree = "<group>"; };
		53942BF51937E1EA006B5F2C /* mobile_image_mounter.h */ = {isa = PBXFileReference; fileEncoding = 4; lastKnownFileType = sourcecode.c.h; path = mobile_image_mounter.h; sourceTree = "<group>"; };
		53942BF61937E1EA006B5F2C /* mobilebackup.h */ = {isa = PBXFileReference; fileEncoding = 4; lastKnownFileType = sourcecode.c.h; path = mobilebackup.h; sourceTree = "<group>"; };
		53942BF71937E1EA006B5F2C /* mobilebackup2.h */ = {isa = PBXFileReference; fileEncoding = 4; lastKnownFileType = sourcecode.c.h; path = mobilebackup2.h; sourceTree = "<group>"; };
		53942BF81937E1EA006B5F2C /* mobilesync.h */ = {isa = PBXFileReference; fileEncoding = 4; lastKnownFileType = sourcecode.c.h; path = mobilesync.h; sourceTree = "<group>"; };
		53942BF91937E1EA006B5F2C /* notification_proxy.h */ = {isa = PBXFileReference; fileEncoding = 4; lastKnownFileType = sourcecode.c.h; path = notification_proxy.h; sourceTree = "<group>"; };
		53942BFA1937E1EA006B5F2C /* restore.h */ = {isa = PBXFileReference; fileEncoding = 4; lastKnownFileType = sourcecode.c.h; path = restore.h; sourceTree = "<group>"; };
		53942BFB1937E1EA006B5F2C /* sbservices.h */ = {isa = PBXFileReference; fileEncoding = 4; lastKnownFileType = sourcecode.c.h; path = sbservices.h; sourceTree = "<group>"; };
		53942BFC1937E1EA006B5F2C /* screenshotr.h */ = {isa = PBXFileReference; fileEncoding = 4; lastKnownFileType = sourcecode.c.h; path = screenshotr.h; sourceTree = "<group>"; };
		53942BFD1937E1EA006B5F2C /* webinspector.h */ = {isa = PBXFileReference; fileEncoding = 4; lastKnownFileType = sourcecode.c.h; path = webinspector.h; sourceTree = "<group>"; };
		53942BFF1937E1EA006B5F2C /* Array.h */ = {isa = PBXFileReference; fileEncoding = 4; lastKnownFileType = sourcecode.c.h; path = Array.h; sourceTree = "<group>"; };
		53942C001937E1EA006B5F2C /* Boolean.h */ = {isa = PBXFileReference; fileEncoding = 4; lastKnownFileType = sourcecode.c.h; path = Boolean.h; sourceTree = "<group>"; };
		53942C011937E1EA006B5F2C /* Data.h */ = {isa = PBXFileReference; fileEncoding = 4; lastKnownFileType = sourcecode.c.h; path = Data.h; sourceTree = "<group>"; };
		53942C021937E1EA006B5F2C /* Date.h */ = {isa = PBXFileReference; fileEncoding = 4; lastKnownFileType = sourcecode.c.h; path = Date.h; sourceTree = "<group>"; };
		53942C031937E1EA006B5F2C /* Dictionary.h */ = {isa = PBXFileReference; fileEncoding = 4; lastKnownFileType = sourcecode.c.h; path = Dictionary.h; sourceTree = "<group>"; };
		53942C041937E1EA006B5F2C /* Integer.h */ = {isa = PBXFileReference; fileEncoding = 4; lastKnownFileType = sourcecode.c.h; path = Integer.h; sourceTree = "<group>"; };
		53942C051937E1EA006B5F2C /* Key.h */ = {isa = PBXFileReference; fileEncoding = 4; lastKnownFileType = sourcecode.c.h; path = Key.h; sourceTree = "<group>"; };
		53942C061937E1EA006B5F2C /* Node.h */ = {isa = PBXFileReference; fileEncoding = 4; lastKnownFileType = sourcecode.c.h; path = Node.h; sourceTree = "<group>"; };
		53942C071937E1EA006B5F2C /* plist++.h */ = {isa = PBXFileReference; fileEncoding = 4; lastKnownFileType = sourcecode.c.h; path = "plist++.h"; sourceTree = "<group>"; };
		53942C081937E1EA006B5F2C /* plist.h */ = {isa = PBXFileReference; fileEncoding = 4; lastKnownFileType = sourcecode.c.h; path = plist.h; sourceTree = "<group>"; };
		53942C091937E1EA006B5F2C /* Real.h */ = {isa = PBXFileReference; fileEncoding = 4; lastKnownFileType = sourcecode.c.h; path = Real.h; sourceTree = "<group>"; };
		53942C0A1937E1EA006B5F2C /* String.h */ = {isa = PBXFileReference; fileEncoding = 4; lastKnownFileType = sourcecode.c.h; path = String.h; sourceTree = "<group>"; };
		53942C0B1937E1EA006B5F2C /* Structure.h */ = {isa = PBXFileReference; fileEncoding = 4; lastKnownFileType = sourcecode.c.h; path = Structure.h; sourceTree = "<group>"; };
		53942C0C1937E1EA006B5F2C /* Uid.h */ = {isa = PBXFileReference; fileEncoding = 4; lastKnownFileType = sourcecode.c.h; path = Uid.h; sourceTree = "<group>"; };
/* End PBXFileReference section */

/* Begin PBXFrameworksBuildPhase section */
		53942B231937DF45006B5F2C /* Frameworks */ = {
			isa = PBXFrameworksBuildPhase;
			buildActionMask = 2147483647;
			files = (
				5342B2B9193872DC0074A843 /* libimobiledevice.4.dylib in Frameworks */,
				53942B2B1937DF45006B5F2C /* Cocoa.framework in Frameworks */,
				5342B2BB193872EA0074A843 /* libplist.2.dylib in Frameworks */,
			);
			runOnlyForDeploymentPostprocessing = 0;
		};
		53942B3B1937DF45006B5F2C /* Frameworks */ = {
			isa = PBXFrameworksBuildPhase;
			buildActionMask = 2147483647;
			files = (
				53942B411937DF45006B5F2C /* Cocoa.framework in Frameworks */,
				53942B401937DF45006B5F2C /* XCTest.framework in Frameworks */,
				53942B441937DF45006B5F2C /* CocoaMobileDevice.framework in Frameworks */,
			);
			runOnlyForDeploymentPostprocessing = 0;
		};
/* End PBXFrameworksBuildPhase section */

/* Begin PBXGroup section */
		53942B1D1937DF45006B5F2C = {
			isa = PBXGroup;
			children = (
				53942BEA1937E1EA006B5F2C /* include */,
				53942B301937DF45006B5F2C /* CocoaMobileDevice */,
				53942B451937DF45006B5F2C /* CocoaMobileDeviceTests */,
				53942B291937DF45006B5F2C /* Frameworks */,
				53942B281937DF45006B5F2C /* Products */,
			);
			sourceTree = "<group>";
		};
		53942B281937DF45006B5F2C /* Products */ = {
			isa = PBXGroup;
			children = (
				53942B271937DF45006B5F2C /* CocoaMobileDevice.framework */,
				53942B3E1937DF45006B5F2C /* CocoaMobileDeviceTests.xctest */,
			);
			name = Products;
			sourceTree = "<group>";
		};
		53942B291937DF45006B5F2C /* Frameworks */ = {
			isa = PBXGroup;
			children = (
				5342B2BA193872EA0074A843 /* libplist.2.dylib */,
				5342B2B8193872DC0074A843 /* libimobiledevice.4.dylib */,
				53942B2A1937DF45006B5F2C /* Cocoa.framework */,
				53942B3F1937DF45006B5F2C /* XCTest.framework */,
				53942B2C1937DF45006B5F2C /* Other Frameworks */,
			);
			name = Frameworks;
			sourceTree = "<group>";
		};
		53942B2C1937DF45006B5F2C /* Other Frameworks */ = {
			isa = PBXGroup;
			children = (
				53942B2D1937DF45006B5F2C /* Foundation.framework */,
				53942B2E1937DF45006B5F2C /* CoreData.framework */,
				53942B2F1937DF45006B5F2C /* AppKit.framework */,
			);
			name = "Other Frameworks";
			sourceTree = "<group>";
		};
		53942B301937DF45006B5F2C /* CocoaMobileDevice */ = {
			isa = PBXGroup;
			children = (
				53942B371937DF45006B5F2C /* CocoaMobileDevice.h */,
				53942B311937DF45006B5F2C /* Supporting Files */,
				53942BE31937E09A006B5F2C /* CMDeviceManger.h */,
				53942BE41937E09A006B5F2C /* CMDeviceManger.m */,
				5342B2B01937EE5A0074A843 /* CMDevice.h */,
				5342B2B11937EE5A0074A843 /* CMDevice.m */,
				5342B2B41937F3670074A843 /* CMPlistSerialization.h */,
				5342B2B51937F3670074A843 /* CMPlistSerialization.m */,
			);
			path = CocoaMobileDevice;
			sourceTree = "<group>";
		};
		53942B311937DF45006B5F2C /* Supporting Files */ = {
			isa = PBXGroup;
			children = (
				53942B321937DF45006B5F2C /* CocoaMobileDevice-Info.plist */,
				53942B331937DF45006B5F2C /* InfoPlist.strings */,
				53942B361937DF45006B5F2C /* CocoaMobileDevice-Prefix.pch */,
			);
			name = "Supporting Files";
			sourceTree = "<group>";
		};
		53942B451937DF45006B5F2C /* CocoaMobileDeviceTests */ = {
			isa = PBXGroup;
			children = (
				53942B4B1937DF45006B5F2C /* CocoaMobileDeviceTests.m */,
				53942B461937DF45006B5F2C /* Supporting Files */,
			);
			path = CocoaMobileDeviceTests;
			sourceTree = "<group>";
		};
		53942B461937DF45006B5F2C /* Supporting Files */ = {
			isa = PBXGroup;
			children = (
				53942B471937DF45006B5F2C /* CocoaMobileDeviceTests-Info.plist */,
				53942B481937DF45006B5F2C /* InfoPlist.strings */,
			);
			name = "Supporting Files";
			sourceTree = "<group>";
		};
		53942BEA1937E1EA006B5F2C /* include */ = {
			isa = PBXGroup;
			children = (
				53942BEB1937E1EA006B5F2C /* libimobiledevice */,
				53942BFE1937E1EA006B5F2C /* plist */,
			);
			path = include;
			sourceTree = "<group>";
		};
		53942BEB1937E1EA006B5F2C /* libimobiledevice */ = {
			isa = PBXGroup;
			children = (
				53942BEC1937E1EA006B5F2C /* afc.h */,
				53942BED1937E1EA006B5F2C /* diagnostics_relay.h */,
				53942BEE1937E1EA006B5F2C /* file_relay.h */,
				53942BEF1937E1EA006B5F2C /* heartbeat.h */,
				53942BF01937E1EA006B5F2C /* house_arrest.h */,
				53942BF11937E1EA006B5F2C /* installation_proxy.h */,
				53942BF21937E1EA006B5F2C /* libimobiledevice.h */,
				53942BF31937E1EA006B5F2C /* lockdown.h */,
				53942BF41937E1EA006B5F2C /* misagent.h */,
				53942BF51937E1EA006B5F2C /* mobile_image_mounter.h */,
				53942BF61937E1EA006B5F2C /* mobilebackup.h */,
				53942BF71937E1EA006B5F2C /* mobilebackup2.h */,
				53942BF81937E1EA006B5F2C /* mobilesync.h */,
				53942BF91937E1EA006B5F2C /* notification_proxy.h */,
				53942BFA1937E1EA006B5F2C /* restore.h */,
				53942BFB1937E1EA006B5F2C /* sbservices.h */,
				53942BFC1937E1EA006B5F2C /* screenshotr.h */,
				53942BFD1937E1EA006B5F2C /* webinspector.h */,
			);
			path = libimobiledevice;
			sourceTree = "<group>";
		};
		53942BFE1937E1EA006B5F2C /* plist */ = {
			isa = PBXGroup;
			children = (
				53942BFF1937E1EA006B5F2C /* Array.h */,
				53942C001937E1EA006B5F2C /* Boolean.h */,
				53942C011937E1EA006B5F2C /* Data.h */,
				53942C021937E1EA006B5F2C /* Date.h */,
				53942C031937E1EA006B5F2C /* Dictionary.h */,
				53942C041937E1EA006B5F2C /* Integer.h */,
				53942C051937E1EA006B5F2C /* Key.h */,
				53942C061937E1EA006B5F2C /* Node.h */,
				53942C071937E1EA006B5F2C /* plist++.h */,
				53942C081937E1EA006B5F2C /* plist.h */,
				53942C091937E1EA006B5F2C /* Real.h */,
				53942C0A1937E1EA006B5F2C /* String.h */,
				53942C0B1937E1EA006B5F2C /* Structure.h */,
				53942C0C1937E1EA006B5F2C /* Uid.h */,
			);
			path = plist;
			sourceTree = "<group>";
		};
/* End PBXGroup section */

/* Begin PBXHeadersBuildPhase section */
		53942B241937DF45006B5F2C /* Headers */ = {
			isa = PBXHeadersBuildPhase;
			buildActionMask = 2147483647;
			files = (
				53942C0D1937E1EA006B5F2C /* afc.h in Headers */,
				53942C241937E1EB006B5F2C /* Integer.h in Headers */,
				5342B2B61937F3670074A843 /* CMPlistSerialization.h in Headers */,
				5342B2B21937EE5A0074A843 /* CMDevice.h in Headers */,
				53942C1C1937E1EB006B5F2C /* sbservices.h in Headers */,
				53942C0E1937E1EA006B5F2C /* diagnostics_relay.h in Headers */,
				53942C201937E1EB006B5F2C /* Boolean.h in Headers */,
				53942C1A1937E1EB006B5F2C /* notification_proxy.h in Headers */,
				53942C261937E1EB006B5F2C /* Node.h in Headers */,
				53942C0F1937E1EA006B5F2C /* file_relay.h in Headers */,
				53942C1D1937E1EB006B5F2C /* screenshotr.h in Headers */,
				53942C291937E1EB006B5F2C /* Real.h in Headers */,
				53942C161937E1EA006B5F2C /* mobile_image_mounter.h in Headers */,
				53942C151937E1EA006B5F2C /* misagent.h in Headers */,
				53942C141937E1EA006B5F2C /* lockdown.h in Headers */,
				53942C1E1937E1EB006B5F2C /* webinspector.h in Headers */,
				53942C101937E1EA006B5F2C /* heartbeat.h in Headers */,
				53942C1B1937E1EB006B5F2C /* restore.h in Headers */,
				53942C181937E1EA006B5F2C /* mobilebackup2.h in Headers */,
				53942C231937E1EB006B5F2C /* Dictionary.h in Headers */,
				53942C211937E1EB006B5F2C /* Data.h in Headers */,
				53942C111937E1EA006B5F2C /* house_arrest.h in Headers */,
				53942C251937E1EB006B5F2C /* Key.h in Headers */,
				53942C2A1937E1EB006B5F2C /* String.h in Headers */,
				53942C121937E1EA006B5F2C /* installation_proxy.h in Headers */,
				53942C281937E1EB006B5F2C /* plist.h in Headers */,
				53942C2B1937E1EB006B5F2C /* Structure.h in Headers */,
				53942C1F1937E1EB006B5F2C /* Array.h in Headers */,
				53942C271937E1EB006B5F2C /* plist++.h in Headers */,
				53942C221937E1EB006B5F2C /* Date.h in Headers */,
				53942C171937E1EA006B5F2C /* mobilebackup.h in Headers */,
				53942C2C1937E1EB006B5F2C /* Uid.h in Headers */,
				53942C191937E1EB006B5F2C /* mobilesync.h in Headers */,
				53942BE71937E19A006B5F2C /* CocoaMobileDevice.h in Headers */,
				53942BE51937E09A006B5F2C /* CMDeviceManger.h in Headers */,
				53942C131937E1EA006B5F2C /* libimobiledevice.h in Headers */,
			);
			runOnlyForDeploymentPostprocessing = 0;
		};
/* End PBXHeadersBuildPhase section */

/* Begin PBXNativeTarget section */
		53942B261937DF45006B5F2C /* CocoaMobileDevice */ = {
			isa = PBXNativeTarget;
			buildConfigurationList = 53942B4F1937DF45006B5F2C /* Build configuration list for PBXNativeTarget "CocoaMobileDevice" */;
			buildPhases = (
				53942B221937DF45006B5F2C /* Sources */,
				53942B231937DF45006B5F2C /* Frameworks */,
				53942B241937DF45006B5F2C /* Headers */,
				53942B251937DF45006B5F2C /* Resources */,
			);
			buildRules = (
			);
			dependencies = (
			);
			name = CocoaMobileDevice;
			productName = CocoaMobileDevice;
			productReference = 53942B271937DF45006B5F2C /* CocoaMobileDevice.framework */;
			productType = "com.apple.product-type.framework";
		};
		53942B3D1937DF45006B5F2C /* CocoaMobileDeviceTests */ = {
			isa = PBXNativeTarget;
			buildConfigurationList = 53942B521937DF45006B5F2C /* Build configuration list for PBXNativeTarget "CocoaMobileDeviceTests" */;
			buildPhases = (
				53942B3A1937DF45006B5F2C /* Sources */,
				53942B3B1937DF45006B5F2C /* Frameworks */,
				53942B3C1937DF45006B5F2C /* Resources */,
			);
			buildRules = (
			);
			dependencies = (
				53942B431937DF45006B5F2C /* PBXTargetDependency */,
			);
			name = CocoaMobileDeviceTests;
			productName = CocoaMobileDeviceTests;
			productReference = 53942B3E1937DF45006B5F2C /* CocoaMobileDeviceTests.xctest */;
			productType = "com.apple.product-type.bundle.unit-test";
		};
/* End PBXNativeTarget section */

/* Begin PBXProject section */
		53942B1E1937DF45006B5F2C /* Project object */ = {
			isa = PBXProject;
			attributes = {
				LastUpgradeCheck = 0510;
				ORGANIZATIONNAME = "Liam Nichols";
				TargetAttributes = {
					53942B3D1937DF45006B5F2C = {
						TestTargetID = 53942B261937DF45006B5F2C;
					};
				};
			};
			buildConfigurationList = 53942B211937DF45006B5F2C /* Build configuration list for PBXProject "CocoaMobileDevice" */;
			compatibilityVersion = "Xcode 3.2";
			developmentRegion = English;
			hasScannedForEncodings = 0;
			knownRegions = (
				en,
			);
			mainGroup = 53942B1D1937DF45006B5F2C;
			productRefGroup = 53942B281937DF45006B5F2C /* Products */;
			projectDirPath = "";
			projectRoot = "";
			targets = (
				53942B261937DF45006B5F2C /* CocoaMobileDevice */,
				53942B3D1937DF45006B5F2C /* CocoaMobileDeviceTests */,
			);
		};
/* End PBXProject section */

/* Begin PBXResourcesBuildPhase section */
		53942B251937DF45006B5F2C /* Resources */ = {
			isa = PBXResourcesBuildPhase;
			buildActionMask = 2147483647;
			files = (
				53942B351937DF45006B5F2C /* InfoPlist.strings in Resources */,
			);
			runOnlyForDeploymentPostprocessing = 0;
		};
		53942B3C1937DF45006B5F2C /* Resources */ = {
			isa = PBXResourcesBuildPhase;
			buildActionMask = 2147483647;
			files = (
				53942B4A1937DF45006B5F2C /* InfoPlist.strings in Resources */,
			);
			runOnlyForDeploymentPostprocessing = 0;
		};
/* End PBXResourcesBuildPhase section */

/* Begin PBXSourcesBuildPhase section */
		53942B221937DF45006B5F2C /* Sources */ = {
			isa = PBXSourcesBuildPhase;
			buildActionMask = 2147483647;
			files = (
				5342B2B71937F3670074A843 /* CMPlistSerialization.m in Sources */,
				53942BE61937E09A006B5F2C /* CMDeviceManger.m in Sources */,
				5342B2B31937EE5A0074A843 /* CMDevice.m in Sources */,
			);
			runOnlyForDeploymentPostprocessing = 0;
		};
		53942B3A1937DF45006B5F2C /* Sources */ = {
			isa = PBXSourcesBuildPhase;
			buildActionMask = 2147483647;
			files = (
				53942B4C1937DF45006B5F2C /* CocoaMobileDeviceTests.m in Sources */,
			);
			runOnlyForDeploymentPostprocessing = 0;
		};
/* End PBXSourcesBuildPhase section */

/* Begin PBXTargetDependency section */
		53942B431937DF45006B5F2C /* PBXTargetDependency */ = {
			isa = PBXTargetDependency;
			target = 53942B261937DF45006B5F2C /* CocoaMobileDevice */;
			targetProxy = 53942B421937DF45006B5F2C /* PBXContainerItemProxy */;
		};
/* End PBXTargetDependency section */

/* Begin PBXVariantGroup section */
		53942B331937DF45006B5F2C /* InfoPlist.strings */ = {
			isa = PBXVariantGroup;
			children = (
				53942B341937DF45006B5F2C /* en */,
			);
			name = InfoPlist.strings;
			sourceTree = "<group>";
		};
		53942B481937DF45006B5F2C /* InfoPlist.strings */ = {
			isa = PBXVariantGroup;
			children = (
				53942B491937DF45006B5F2C /* en */,
			);
			name = InfoPlist.strings;
			sourceTree = "<group>";
		};
/* End PBXVariantGroup section */

/* Begin XCBuildConfiguration section */
		53942B4D1937DF45006B5F2C /* Debug */ = {
			isa = XCBuildConfiguration;
			buildSettings = {
				ALWAYS_SEARCH_USER_PATHS = NO;
				CLANG_CXX_LANGUAGE_STANDARD = "gnu++0x";
				CLANG_CXX_LIBRARY = "libc++";
				CLANG_ENABLE_MODULES = YES;
				CLANG_ENABLE_OBJC_ARC = YES;
				CLANG_WARN_BOOL_CONVERSION = YES;
				CLANG_WARN_CONSTANT_CONVERSION = YES;
				CLANG_WARN_DIRECT_OBJC_ISA_USAGE = YES_ERROR;
				CLANG_WARN_EMPTY_BODY = YES;
				CLANG_WARN_ENUM_CONVERSION = YES;
				CLANG_WARN_INT_CONVERSION = YES;
				CLANG_WARN_OBJC_ROOT_CLASS = YES_ERROR;
				CLANG_WARN__DUPLICATE_METHOD_MATCH = YES;
				COPY_PHASE_STRIP = NO;
				GCC_C_LANGUAGE_STANDARD = gnu99;
				GCC_DYNAMIC_NO_PIC = NO;
				GCC_ENABLE_OBJC_EXCEPTIONS = YES;
				GCC_OPTIMIZATION_LEVEL = 0;
				GCC_PREPROCESSOR_DEFINITIONS = (
					"DEBUG=1",
					"$(inherited)",
				);
				GCC_SYMBOLS_PRIVATE_EXTERN = NO;
				GCC_WARN_64_TO_32_BIT_CONVERSION = YES;
				GCC_WARN_ABOUT_RETURN_TYPE = YES_ERROR;
				GCC_WARN_UNDECLARED_SELECTOR = YES;
				GCC_WARN_UNINITIALIZED_AUTOS = YES_AGGRESSIVE;
				GCC_WARN_UNUSED_FUNCTION = YES;
				GCC_WARN_UNUSED_VARIABLE = YES;
				MACOSX_DEPLOYMENT_TARGET = 10.9;
				ONLY_ACTIVE_ARCH = YES;
				SDKROOT = macosx;
			};
			name = Debug;
		};
		53942B4E1937DF45006B5F2C /* Release */ = {
			isa = XCBuildConfiguration;
			buildSettings = {
				ALWAYS_SEARCH_USER_PATHS = NO;
				CLANG_CXX_LANGUAGE_STANDARD = "gnu++0x";
				CLANG_CXX_LIBRARY = "libc++";
				CLANG_ENABLE_MODULES = YES;
				CLANG_ENABLE_OBJC_ARC = YES;
				CLANG_WARN_BOOL_CONVERSION = YES;
				CLANG_WARN_CONSTANT_CONVERSION = YES;
				CLANG_WARN_DIRECT_OBJC_ISA_USAGE = YES_ERROR;
				CLANG_WARN_EMPTY_BODY = YES;
				CLANG_WARN_ENUM_CONVERSION = YES;
				CLANG_WARN_INT_CONVERSION = YES;
				CLANG_WARN_OBJC_ROOT_CLASS = YES_ERROR;
				CLANG_WARN__DUPLICATE_METHOD_MATCH = YES;
				COPY_PHASE_STRIP = YES;
				DEBUG_INFORMATION_FORMAT = "dwarf-with-dsym";
				ENABLE_NS_ASSERTIONS = NO;
				GCC_C_LANGUAGE_STANDARD = gnu99;
				GCC_ENABLE_OBJC_EXCEPTIONS = YES;
				GCC_WARN_64_TO_32_BIT_CONVERSION = YES;
				GCC_WARN_ABOUT_RETURN_TYPE = YES_ERROR;
				GCC_WARN_UNDECLARED_SELECTOR = YES;
				GCC_WARN_UNINITIALIZED_AUTOS = YES_AGGRESSIVE;
				GCC_WARN_UNUSED_FUNCTION = YES;
				GCC_WARN_UNUSED_VARIABLE = YES;
				MACOSX_DEPLOYMENT_TARGET = 10.9;
				SDKROOT = macosx;
			};
			name = Release;
		};
		53942B501937DF45006B5F2C /* Debug */ = {
			isa = XCBuildConfiguration;
			buildSettings = {
				COMBINE_HIDPI_IMAGES = YES;
				DYLIB_COMPATIBILITY_VERSION = 1;
				DYLIB_CURRENT_VERSION = 1;
				FRAMEWORK_VERSION = A;
				GCC_PRECOMPILE_PREFIX_HEADER = YES;
				GCC_PREFIX_HEADER = "CocoaMobileDevice/CocoaMobileDevice-Prefix.pch";
				HEADER_SEARCH_PATHS = (
					"$(inherited)",
					/Applications/Xcode.app/Contents/Developer/Toolchains/XcodeDefault.xctoolchain/usr/include,
					"$(SRCROOT)/include/",
				);
				INFOPLIST_FILE = "CocoaMobileDevice/CocoaMobileDevice-Info.plist";
				LIBRARY_SEARCH_PATHS = (
					"$(inherited)",
					"$(PROJECT_DIR)/CocoaMobileDevice",
					"$(PROJECT_DIR)",
					/opt/local/lib,
					/usr/local/Cellar/libplist/1.11/lib,
				);
				PRODUCT_NAME = "$(TARGET_NAME)";
				WRAPPER_EXTENSION = framework;
			};
			name = Debug;
		};
		53942B511937DF45006B5F2C /* Release */ = {
			isa = XCBuildConfiguration;
			buildSettings = {
				COMBINE_HIDPI_IMAGES = YES;
				DYLIB_COMPATIBILITY_VERSION = 1;
				DYLIB_CURRENT_VERSION = 1;
				FRAMEWORK_VERSION = A;
				GCC_PRECOMPILE_PREFIX_HEADER = YES;
				GCC_PREFIX_HEADER = "CocoaMobileDevice/CocoaMobileDevice-Prefix.pch";
				HEADER_SEARCH_PATHS = (
					"$(inherited)",
					/Applications/Xcode.app/Contents/Developer/Toolchains/XcodeDefault.xctoolchain/usr/include,
					"$(SRCROOT)/include/",
				);
				INFOPLIST_FILE = "CocoaMobileDevice/CocoaMobileDevice-Info.plist";
				LIBRARY_SEARCH_PATHS = (
					"$(inherited)",
					"$(PROJECT_DIR)/CocoaMobileDevice",
					"$(PROJECT_DIR)",
					/opt/local/lib,
					/usr/local/Cellar/libplist/1.11/lib,
				);
				PRODUCT_NAME = "$(TARGET_NAME)";
				WRAPPER_EXTENSION = framework;
			};
			name = Release;
		};
		53942B531937DF45006B5F2C /* Debug */ = {
			isa = XCBuildConfiguration;
			buildSettings = {
				BUNDLE_LOADER = "$(BUILT_PRODUCTS_DIR)/CocoaMobileDevice.framework/Versions/A/CocoaMobileDevice";
				COMBINE_HIDPI_IMAGES = YES;
				FRAMEWORK_SEARCH_PATHS = (
					"$(DEVELOPER_FRAMEWORKS_DIR)",
					"$(inherited)",
				);
				GCC_PRECOMPILE_PREFIX_HEADER = YES;
				GCC_PREFIX_HEADER = "CocoaMobileDevice/CocoaMobileDevice-Prefix.pch";
				GCC_PREPROCESSOR_DEFINITIONS = (
					"DEBUG=1",
					"$(inherited)",
				);
				INFOPLIST_FILE = "CocoaMobileDeviceTests/CocoaMobileDeviceTests-Info.plist";
				PRODUCT_NAME = "$(TARGET_NAME)";
				TEST_HOST = "$(BUNDLE_LOADER)";
				WRAPPER_EXTENSION = xctest;
			};
			name = Debug;
		};
		53942B541937DF45006B5F2C /* Release */ = {
			isa = XCBuildConfiguration;
			buildSettings = {
				BUNDLE_LOADER = "$(BUILT_PRODUCTS_DIR)/CocoaMobileDevice.framework/Versions/A/CocoaMobileDevice";
				COMBINE_HIDPI_IMAGES = YES;
				FRAMEWORK_SEARCH_PATHS = (
					"$(DEVELOPER_FRAMEWORKS_DIR)",
					"$(inherited)",
				);
				GCC_PRECOMPILE_PREFIX_HEADER = YES;
				GCC_PREFIX_HEADER = "CocoaMobileDevice/CocoaMobileDevice-Prefix.pch";
				INFOPLIST_FILE = "CocoaMobileDeviceTests/CocoaMobileDeviceTests-Info.plist";
				PRODUCT_NAME = "$(TARGET_NAME)";
				TEST_HOST = "$(BUNDLE_LOADER)";
				WRAPPER_EXTENSION = xctest;
			};
			name = Release;
		};
/* End XCBuildConfiguration section */

/* Begin XCConfigurationList section */
		53942B211937DF45006B5F2C /* Build configuration list for PBXProject "CocoaMobileDevice" */ = {
			isa = XCConfigurationList;
			buildConfigurations = (
				53942B4D1937DF45006B5F2C /* Debug */,
				53942B4E1937DF45006B5F2C /* Release */,
			);
			defaultConfigurationIsVisible = 0;
			defaultConfigurationName = Release;
		};
		53942B4F1937DF45006B5F2C /* Build configuration list for PBXNativeTarget "CocoaMobileDevice" */ = {
			isa = XCConfigurationList;
			buildConfigurations = (
				53942B501937DF45006B5F2C /* Debug */,
				53942B511937DF45006B5F2C /* Release */,
			);
			defaultConfigurationIsVisible = 0;
			defaultConfigurationName = Release;
		};
		53942B521937DF45006B5F2C /* Build configuration list for PBXNativeTarget "CocoaMobileDeviceTests" */ = {
			isa = XCConfigurationList;
			buildConfigurations = (
				53942B531937DF45006B5F2C /* Debug */,
				53942B541937DF45006B5F2C /* Release */,
			);
			defaultConfigurationIsVisible = 0;
			defaultConfigurationName = Release;
		};
/* End XCConfigurationList section */
	};
	rootObject = 53942B1E1937DF45006B5F2C /* Project object */;
}
